
Microsoft Visual Studio Solution File, Format Version 12.00
# Visual Studio Version 17
VisualStudioVersion = 17.0.31903.59
MinimumVisualStudioVersion = 10.0.40219.1
Project("{FAE04EC0-301F-11D3-BF4B-00C04F79EFBC}") = "API", "API\API.csproj", "{EB8F4689-6FF4-4353-9937-A70C2D1B3FC0}"
EndProject
Project("{FAE04EC0-301F-11D3-BF4B-00C04F79EFBC}") = "Application", "Application\Application.csproj", "{EB90D170-79FE-4B5C-AE06-7685126DFE93}"
EndProject
Project("{FAE04EC0-301F-11D3-BF4B-00C04F79EFBC}") = "Domain", "Domain\Domain.csproj", "{AE1A6D41-3550-4CE3-AF34-8B8917DA54C9}"
EndProject
Project("{FAE04EC0-301F-11D3-BF4B-00C04F79EFBC}") = "Persistence", "Persistence\Persistence.csproj", "{6B4B2339-A61F-4221-8B9B-6F55B66540CB}"
EndProject
Global
	GlobalSection(SolutionConfigurationPlatforms) = preSolution
		Debug|Any CPU = Debug|Any CPU
		Release|Any CPU = Release|Any CPU
	EndGlobalSection
	GlobalSection(SolutionProperties) = preSolution
		HideSolutionNode = FALSE
	EndGlobalSection
	GlobalSection(ProjectConfigurationPlatforms) = postSolution
		{EB8F4689-6FF4-4353-9937-A70C2D1B3FC0}.Debug|Any CPU.ActiveCfg = Debug|Any CPU
		{EB8F4689-6FF4-4353-9937-A70C2D1B3FC0}.Debug|Any CPU.Build.0 = Debug|Any CPU
		{EB8F4689-6FF4-4353-9937-A70C2D1B3FC0}.Release|Any CPU.ActiveCfg = Release|Any CPU
		{EB8F4689-6FF4-4353-9937-A70C2D1B3FC0}.Release|Any CPU.Build.0 = Release|Any CPU
		{EB90D170-79FE-4B5C-AE06-7685126DFE93}.Debug|Any CPU.ActiveCfg = Debug|Any CPU
		{EB90D170-79FE-4B5C-AE06-7685126DFE93}.Debug|Any CPU.Build.0 = Debug|Any CPU
		{EB90D170-79FE-4B5C-AE06-7685126DFE93}.Release|Any CPU.ActiveCfg = Release|Any CPU
		{EB90D170-79FE-4B5C-AE06-7685126DFE93}.Release|Any CPU.Build.0 = Release|Any CPU
		{AE1A6D41-3550-4CE3-AF34-8B8917DA54C9}.Debug|Any CPU.ActiveCfg = Debug|Any CPU
		{AE1A6D41-3550-4CE3-AF34-8B8917DA54C9}.Debug|Any CPU.Build.0 = Debug|Any CPU
		{AE1A6D41-3550-4CE3-AF34-8B8917DA54C9}.Release|Any CPU.ActiveCfg = Release|Any CPU
		{AE1A6D41-3550-4CE3-AF34-8B8917DA54C9}.Release|Any CPU.Build.0 = Release|Any CPU
		{6B4B2339-A61F-4221-8B9B-6F55B66540CB}.Debug|Any CPU.ActiveCfg = Debug|Any CPU
		{6B4B2339-A61F-4221-8B9B-6F55B66540CB}.Debug|Any CPU.Build.0 = Debug|Any CPU
		{6B4B2339-A61F-4221-8B9B-6F55B66540CB}.Release|Any CPU.ActiveCfg = Release|Any CPU
		{6B4B2339-A61F-4221-8B9B-6F55B66540CB}.Release|Any CPU.Build.0 = Release|Any CPU
	EndGlobalSection
EndGlobal
